{
  "projects": [
    {
      "projectId": "xfguyo8p9zs8FxMdioQAoN",
      "version": "0.14.0",
      "dependencies": {},
      "lang": "ts",
      "fileLocks": [
        {
          "assetId": "xfguyo8p9zs8FxMdioQAoN",
          "type": "projectCss",
          "checksum": "e5ab45134f1bda37c6087aeee6b7a6b6"
        },
        {
          "assetId": "xfguyo8p9zs8FxMdioQAoN",
          "checksum": "4a7e9955fced0a04a0989c7fb4206041",
          "type": "globalContexts"
        }
      ],
      "codegenVersion": "0.0.1"
    },
    {
      "projectId": "58GpZjZCWTaJ8AUhpCwt2K",
      "version": "3.12.0",
      "dependencies": {},
      "lang": "ts",
      "fileLocks": [
        {
          "assetId": "58GpZjZCWTaJ8AUhpCwt2K",
          "type": "projectCss",
          "checksum": "a06e29b4588f39bac1efcb497a5439cd"
        }
      ],
      "codegenVersion": "0.0.1"
    },
    {
      "projectId": "28Ba3BDvRe7EiWdfFNnLB6",
      "version": "2.17.0",
      "dependencies": {},
      "lang": "ts",
      "fileLocks": [
        {
          "assetId": "28Ba3BDvRe7EiWdfFNnLB6",
          "type": "projectCss",
          "checksum": "acc49002cf2bb27c825cd645bcdb7311"
        }
      ],
      "codegenVersion": "0.0.1"
    },
    {
      "projectId": "gjjqSKbRqXuaUimkLf8eMG",
      "version": "latest",
      "dependencies": {
        "28Ba3BDvRe7EiWdfFNnLB6": "2.17.0",
        "58GpZjZCWTaJ8AUhpCwt2K": "3.12.0",
        "xfguyo8p9zs8FxMdioQAoN": "0.14.0"
      },
      "lang": "ts",
      "fileLocks": [
        {
          "type": "globalVariant",
          "assetId": "sE0Ngbim2HONtM",
          "checksum": "4074621ade560dd9295e389c4265d0e3"
        },
        {
          "type": "globalVariant",
          "assetId": "NcnX9gmFA3yLZr",
          "checksum": "4cb2922772c216ea0de3703f96186bbe"
        },
        {
          "type": "globalVariant",
          "assetId": "dQNS_a_a_PtIhd",
          "checksum": "747702b2388789e322fd19118a702857"
        },
        {
          "type": "globalVariant",
          "assetId": "CN3HU8Rvk94EfY",
          "checksum": "b544206615d34bf11b52f652bc8a4b30"
        },
        {
          "assetId": "gjjqSKbRqXuaUimkLf8eMG",
          "type": "projectCss",
          "checksum": "f7e83165c3417d15d9221adcd81c0258"
        },
        {
          "assetId": "gjjqSKbRqXuaUimkLf8eMG",
          "checksum": "ffeda29e092d08dd91ab48977d0aa0ff",
          "type": "globalContexts"
        },
        {
          "type": "renderModule",
          "assetId": "Qxl_nueKXSENw",
          "checksum": "3b7002e1aa7d271cf28b421f4b6a3c7e"
        },
        {
          "type": "cssRules",
          "assetId": "Qxl_nueKXSENw",
          "checksum": "3b7002e1aa7d271cf28b421f4b6a3c7e"
        },
        {
          "type": "renderModule",
          "assetId": "p5dNySY11LZF8",
          "checksum": "d302cdcd4b93776629d85d3089473539"
        },
        {
          "type": "cssRules",
          "assetId": "p5dNySY11LZF8",
          "checksum": "d302cdcd4b93776629d85d3089473539"
        },
        {
          "type": "renderModule",
          "assetId": "6xYe-Z6Fb3J3U",
          "checksum": "7ae796f127fb33545568fd72a3652b82"
        },
        {
          "type": "cssRules",
          "assetId": "6xYe-Z6Fb3J3U",
          "checksum": "7ae796f127fb33545568fd72a3652b82"
        },
        {
          "type": "renderModule",
          "assetId": "lAIq-HXeA0fOM",
          "checksum": "1fb5156e20437f4954427c2419a0a6c4"
        },
        {
          "type": "cssRules",
          "assetId": "lAIq-HXeA0fOM",
          "checksum": "1fb5156e20437f4954427c2419a0a6c4"
        },
        {
          "type": "renderModule",
          "assetId": "P0rkc9qKlFLeYl",
          "checksum": "da0faf82efd6127e0b47b530ff9efe7d"
        },
        {
          "type": "cssRules",
          "assetId": "P0rkc9qKlFLeYl",
          "checksum": "da0faf82efd6127e0b47b530ff9efe7d"
        },
        {
          "type": "renderModule",
          "assetId": "pM1q8bYTzZG8-N",
          "checksum": "e151899f693939a22c2b9a92f8c3fc52"
        },
        {
          "type": "cssRules",
          "assetId": "pM1q8bYTzZG8-N",
          "checksum": "e151899f693939a22c2b9a92f8c3fc52"
        },
        {
          "type": "renderModule",
          "assetId": "5mYxTbVRgYbrch",
          "checksum": "757a6dfe9078462b3d322d95f6fdbf23"
        },
        {
          "type": "cssRules",
          "assetId": "5mYxTbVRgYbrch",
          "checksum": "757a6dfe9078462b3d322d95f6fdbf23"
        },
        {
          "type": "renderModule",
          "assetId": "nCaaekzfeqhOc2",
          "checksum": "74b089bb77757b46563b5f2f3bd52725"
        },
        {
          "type": "cssRules",
          "assetId": "nCaaekzfeqhOc2",
          "checksum": "74b089bb77757b46563b5f2f3bd52725"
        },
        {
          "type": "renderModule",
          "assetId": "L_PRfY6gJat57z",
          "checksum": "e2774dfe9edaa56f89e79a210e0cba08"
        },
        {
          "type": "cssRules",
          "assetId": "L_PRfY6gJat57z",
          "checksum": "e2774dfe9edaa56f89e79a210e0cba08"
        },
        {
          "type": "renderModule",
          "assetId": "pZh-DpiaEeKpLU",
          "checksum": "b9479b86a4a6712bcd54249c6731ca0a"
        },
        {
          "type": "cssRules",
          "assetId": "pZh-DpiaEeKpLU",
          "checksum": "b9479b86a4a6712bcd54249c6731ca0a"
        },
        {
          "type": "renderModule",
          "assetId": "GZ5tzhYSkuywVI",
          "checksum": "802746d13c94febd99c77fc82f45abdd"
        },
        {
          "type": "cssRules",
          "assetId": "GZ5tzhYSkuywVI",
          "checksum": "802746d13c94febd99c77fc82f45abdd"
        },
        {
          "type": "renderModule",
          "assetId": "42jDWNQt6dfDf3",
          "checksum": "8d62cb506f08a5ca0d16f844622ee168"
        },
        {
          "type": "cssRules",
          "assetId": "42jDWNQt6dfDf3",
          "checksum": "8d62cb506f08a5ca0d16f844622ee168"
        },
        {
          "type": "renderModule",
          "assetId": "Cuj7Em-K07qsGe",
          "checksum": "7f3526f378c3dddaaed3fdaf9ddad22c"
        },
        {
          "type": "cssRules",
          "assetId": "Cuj7Em-K07qsGe",
          "checksum": "7f3526f378c3dddaaed3fdaf9ddad22c"
        },
        {
          "type": "renderModule",
          "assetId": "uVHMlhcU5QfESW",
          "checksum": "eefb733efa60993f87d1f8cfa79b8443"
        },
        {
          "type": "cssRules",
          "assetId": "uVHMlhcU5QfESW",
          "checksum": "eefb733efa60993f87d1f8cfa79b8443"
        },
        {
          "type": "renderModule",
          "assetId": "g-e4kgukYnYwxg",
          "checksum": "2487d9a5cae697cede05cb009de2931e"
        },
        {
          "type": "cssRules",
          "assetId": "g-e4kgukYnYwxg",
          "checksum": "2487d9a5cae697cede05cb009de2931e"
        },
        {
          "type": "renderModule",
          "assetId": "1NSEZMbzAPYiqq",
          "checksum": "10253ae97dcb6b428a898d8eed39a65d"
        },
        {
          "type": "cssRules",
          "assetId": "1NSEZMbzAPYiqq",
          "checksum": "10253ae97dcb6b428a898d8eed39a65d"
        },
        {
          "type": "renderModule",
          "assetId": "-BXXQplykyqyse",
          "checksum": "f76102de8cefca81106604b877ace699"
        },
        {
          "type": "cssRules",
          "assetId": "-BXXQplykyqyse",
          "checksum": "f76102de8cefca81106604b877ace699"
        },
        {
          "type": "renderModule",
          "assetId": "fAZ8-8lINC-GVp",
          "checksum": "e8bbf4bca2939e5bf585ac94582d42c6"
        },
        {
          "type": "cssRules",
          "assetId": "fAZ8-8lINC-GVp",
          "checksum": "e8bbf4bca2939e5bf585ac94582d42c6"
        },
        {
          "type": "renderModule",
          "assetId": "q4FPf_vi5_PT2a",
          "checksum": "430e05e422ea4c3f70321c33d739d2ce"
        },
        {
          "type": "cssRules",
          "assetId": "q4FPf_vi5_PT2a",
          "checksum": "430e05e422ea4c3f70321c33d739d2ce"
        },
        {
          "type": "renderModule",
          "assetId": "2Lb_RKXgvRQnnh",
          "checksum": "f9c3d783827a6ea4fa6ac05dae4bb3c2"
        },
        {
          "type": "cssRules",
          "assetId": "2Lb_RKXgvRQnnh",
          "checksum": "f9c3d783827a6ea4fa6ac05dae4bb3c2"
        },
        {
          "type": "renderModule",
          "assetId": "8eUnD3UhSH-wvT",
          "checksum": "1b9843fa23f3fcb50ee1bcd16e2b1243"
        },
        {
          "type": "cssRules",
          "assetId": "8eUnD3UhSH-wvT",
          "checksum": "1b9843fa23f3fcb50ee1bcd16e2b1243"
        },
        {
          "type": "icon",
          "assetId": "GZLJM6-n7SCPX_",
          "checksum": "90a08611c043d4a47d62b0028c819014"
        },
        {
          "type": "icon",
          "assetId": "FFZyK9D8DctPtY",
          "checksum": "63a6143260d1b619e092eeb58de2dedb"
        },
        {
          "type": "icon",
          "assetId": "HzqGBppPy-A0LX",
          "checksum": "87104d788a25614d6b90670a6eafbf73"
        },
        {
          "type": "icon",
          "assetId": "ItXSu0mUV4l9PB",
          "checksum": "51a0caebc897320d2c20b4211bac5ea8"
        },
        {
          "type": "icon",
          "assetId": "TMXYfTfSBQzSHL",
          "checksum": "672dd452373ad2ea162815b93888a787"
        },
        {
          "type": "icon",
          "assetId": "33y5ualM_6u-jj",
          "checksum": "12e480db57d1373179ad615e9e05086d"
        },
        {
          "type": "icon",
          "assetId": "a9LQSIGOlnHLet",
          "checksum": "39c0f95d329e61958f2773ea3e40f548"
        },
        {
          "type": "icon",
          "assetId": "0cbYPyXZKfImx3",
          "checksum": "e3b716ecd5ae8f3814186c537c5f935e"
        },
        {
          "type": "icon",
          "assetId": "m57inUVm1xFGix",
          "checksum": "be7b4a4138191f637db876e6e8e4abbf"
        },
        {
          "type": "icon",
          "assetId": "PtEHwizV97vFhu",
          "checksum": "965824d3ba0614c42fdd8da1255ad56a"
        },
        {
          "type": "icon",
          "assetId": "TRbN0vjRyvWOcy",
          "checksum": "fff656562c1b0adebf7f1d0c3f23298b"
        },
        {
          "type": "image",
          "assetId": "s3G7HJkdUWE2Yk",
          "checksum": "cd718e9dff99cffba8690c4f8ad3ac8d"
        },
        {
          "type": "image",
          "assetId": "fo07zFQ_Mxj5YX",
          "checksum": "6bffde12369c98dec8a1c5838dd2f8f3"
        },
        {
          "type": "image",
          "assetId": "2oJISmiF4Gva7y",
          "checksum": "32a90f312784393a771799a60b74c230"
        },
        {
          "type": "image",
          "assetId": "pkL4GhAeXq7vDR",
          "checksum": "045215b59e02c46091785b629c65a84c"
        },
        {
          "type": "image",
          "assetId": "kqam38ARXqmNOD",
          "checksum": "f6892f02ce6e4cb1cd3e4a13eb228aa8"
        },
        {
          "type": "image",
          "assetId": "pcIqoIPrOWOeva",
          "checksum": "96b01234f8317023e8e5b173111fb968"
        },
        {
          "type": "image",
          "assetId": "iWBLZwNhRQe7WE",
          "checksum": "1c46c92149e2d5938609c254ba1c2a7e"
        },
        {
          "type": "image",
          "assetId": "b24an0yZHSq-rY",
          "checksum": "6ad5b59c961d8998f5573476b5eb8840"
        },
        {
          "type": "image",
          "assetId": "UkcRLGcbIoWFSr",
          "checksum": "ce18ac92e0a779a5fbe3ba1d05c28442"
        },
        {
          "type": "image",
          "assetId": "EzAYg95pBjBAmF",
          "checksum": "4777ee299b9fdd2de65e8c6df758d919"
        },
        {
          "type": "image",
          "assetId": "eYxFCa_S1TC8q7",
          "checksum": "9c9ca559d3b1badcf5e2598c4d111900"
        },
        {
          "type": "image",
          "assetId": "MbWna2ntA7qyqQ",
          "checksum": "e2328465ee06f59fcefa9b818fcb6054"
        },
        {
          "type": "image",
          "assetId": "OOFTRnX8CiP99E",
          "checksum": "08b1f450beba2793fc2efe533647ebfc"
        },
        {
          "type": "image",
          "assetId": "f5vnVlXnx_l8yQ",
          "checksum": "55272b3d2e969008af8463f09977ef25"
        },
        {
          "type": "image",
          "assetId": "DYK3EUNExcnKZn",
          "checksum": "c1bfeb1bc7241b6c32eeb3a1ad32508d"
        },
        {
          "type": "image",
          "assetId": "0RPD8EihPu24Bk",
          "checksum": "d5a0c506df3e1b3ae66e24d701618552"
        },
        {
          "type": "image",
          "assetId": "82TH9OXrAFr-sD",
          "checksum": "832992bd23c7f717d0468718de13b472"
        },
        {
          "type": "image",
          "assetId": "f9DstzxCgGbDWH",
          "checksum": "c8c92ef871cf98c620b1f70f05100bb2"
        },
        {
          "type": "image",
          "assetId": "aBFoBkphkVMTBq",
          "checksum": "21dc85a2374b2fb46fa9ae1a6b04a08f"
        },
        {
          "type": "image",
          "assetId": "AvjnyE3KQDRjIJ",
          "checksum": "1e1ae787e48cd6fd206d5943036564d4"
        },
        {
          "type": "image",
          "assetId": "wtd7KcECAVvQXd",
          "checksum": "74b8e331914e35e12773379fba05346a"
        },
        {
          "type": "image",
          "assetId": "3njkTZKHLL1a7R",
          "checksum": "1f65cecb21cf5cf6f57ec641ad8340f8"
        },
        {
          "type": "image",
          "assetId": "kcg1os95Lp1EA-",
          "checksum": "712a33a432c69a05fb426eb90e2f412e"
        },
        {
          "type": "image",
          "assetId": "GtsvDQmDn0HEcO",
          "checksum": "f530d2bf3e109ee7bd1cb85a30da0d54"
        },
        {
          "type": "image",
          "assetId": "8_pbKJQPTzJG8g",
          "checksum": "aaf3c98132926340b0cc8e87d979c225"
        },
        {
          "type": "image",
          "assetId": "7vOLI87Jd4-kdI",
          "checksum": "6eb89c094216962f56cb7ca996ac0791"
        },
        {
          "type": "image",
          "assetId": "sTv2ScQW6wKIws",
          "checksum": "869b56dd013628fc0ed801f0b5360dc3"
        },
        {
          "type": "image",
          "assetId": "4ugdPBoZ_QHTbQ",
          "checksum": "35c93abedded859a1dcede2418420e9b"
        },
        {
          "type": "image",
          "assetId": "FMZD5vdj1I8ZBn",
          "checksum": "cc1a9308fa8f0b6b9cb39c6e1ae718dc"
        },
        {
          "type": "image",
          "assetId": "Hs_i8fwC3DkTOE",
          "checksum": "624f37172e4309f22d9f69d5da5149a4"
        },
        {
          "type": "image",
          "assetId": "tStnH1iZeDN624",
          "checksum": "909f6f4d3581a93f41f44d55e24ee328"
        },
        {
          "type": "image",
          "assetId": "5zYEOvdeURQPU8",
          "checksum": "9246d53f6aa5895cbd3277df8b0387d5"
        },
        {
          "type": "image",
          "assetId": "eUfxbp993TZTwm",
          "checksum": "9017bade0440849b3407d61d2dea0c93"
        },
        {
          "type": "image",
          "assetId": "_K1_rGcRdU4kVD",
          "checksum": "18d1b462f1c97f4f359d36f8b1fdc327"
        },
        {
          "type": "image",
          "assetId": "3gi20V8GayRoqV",
          "checksum": "e570eca10f05cadd01249fab8d4181cb"
        },
        {
          "type": "image",
          "assetId": "CaAN4PbmyFiEh4",
          "checksum": "b60634c8b9e6b56e109516c480ea909d"
        },
        {
          "type": "image",
          "assetId": "jdVCyBY83KqJlh",
          "checksum": "702500b389f85a11f67fa4111a5287e2"
        },
        {
          "type": "image",
          "assetId": "P6ilyZeM1i25yF",
          "checksum": "ba1b634b1b75bc539ff0e7f584cdaa9e"
        },
        {
          "type": "image",
          "assetId": "5Yz2CztdCJcOtD",
          "checksum": "74f0f4052342e838f764036a6e432ecc"
        },
        {
          "type": "image",
          "assetId": "UxhBJ3T4Hj-SFl",
          "checksum": "12aea742424febeb085c4748281c1e8b"
        },
        {
          "type": "image",
          "assetId": "Eo4H7_csJnia02",
          "checksum": "6bfa3eb19e8ffb2d2231ad84f6ac09ae"
        },
        {
          "type": "image",
          "assetId": "VJMh05PpF6RQzl",
          "checksum": "cb30fa42ce4d2e6a976cb57ba72cb9fd"
        },
        {
          "type": "image",
          "assetId": "XSd2vczvRntCGs",
          "checksum": "b7a289507d2c7c063a624d3b9e12063e"
        },
        {
          "type": "image",
          "assetId": "F6Q9iYGgms7u5L",
          "checksum": "3c19bbe84001a978611774d69819e81b"
        },
        {
          "type": "image",
          "assetId": "LkBKSVPq-bKOO1",
          "checksum": "a0f0e1f072890fbea3a87bd0c56d480b"
        },
        {
          "type": "image",
          "assetId": "zlin9a68NyPy0a",
          "checksum": "310a9807ef55a94ce402c82d8463ca00"
        },
        {
          "type": "image",
          "assetId": "00SRvKL76C3XNV",
          "checksum": "409aad8bcba139d348d1eb10acc32afc"
        },
        {
          "type": "image",
          "assetId": "S__i9b2p5zhkir",
          "checksum": "970ecd4941cfb4f81b82e67b3ebe3f7c"
        },
        {
          "type": "image",
          "assetId": "FuDGNrTiwpOXhB",
          "checksum": "846474885b8500bf01bf204c0af70021"
        },
        {
          "type": "image",
          "assetId": "2ARquB1i55o4xc",
          "checksum": "2500e16de4d77b5317b054ef059d3702"
        },
        {
          "type": "image",
          "assetId": "6Zee6iSfg-Migm",
          "checksum": "bb36f8c28179a591010340428eedd3cf"
        },
        {
          "type": "image",
          "assetId": "5-bt5sr3gR0DP8",
          "checksum": "a30eaf6e06b337a77bde4812fbe1cb17"
        },
        {
          "type": "image",
          "assetId": "pqNDzpiufEZ-FM",
          "checksum": "ddd85305b2d8ec8b8017e877ad91c445"
        }
      ],
      "codegenVersion": "0.0.1"
    }
  ],
  "cliVersion": "0.1.256"
}
